{
  "name": "16-kosaraju",
  "version": "1.0.0",
  "lockfileVersion": 2,
  "requires": true,
  "packages": {
    "": {
      "name": "16-kosaraju",
      "version": "1.0.0",
      "license": "ISC",
      "dependencies": {
        "graphology": "^0.25.1",
        "sigma": "^2.4.0"
      }
    },
    "node_modules/@yomguithereal/helpers": {
      "version": "1.1.1",
      "resolved": "https://registry.npmjs.org/@yomguithereal/helpers/-/helpers-1.1.1.tgz",
      "integrity": "sha512-UYvAq/XCA7xoh1juWDYsq3W0WywOB+pz8cgVnE1b45ZfdMhBvHDrgmSFG3jXeZSr2tMTYLGHFHON+ekG05Jebg=="
    },
    "node_modules/events": {
      "version": "3.3.0",
      "resolved": "https://registry.npmjs.org/events/-/events-3.3.0.tgz",
      "integrity": "sha512-mQw+2fkQbALzQ7V0MY0IqdnXNOeTtP4r0lN9z7AAawCXgqea7bDii20AYrIBrFd/Hx0M2Ocz6S111CaFkUcb0Q==",
      "engines": {
        "node": ">=0.8.x"
      }
    },
    "node_modules/graphology": {
      "version": "0.25.1",
      "resolved": "https://registry.npmjs.org/graphology/-/graphology-0.25.1.tgz",
      "integrity": "sha512-yYA7BJCcXN2DrKNQQ9Qf22zBHm/yTbyBR71T1MYBbGtywNHsv0QZtk8zaR6zxNcp2hCCZayUkHp9DyMSZCpoxQ==",
      "dependencies": {
        "events": "^3.3.0",
        "obliterator": "^2.0.2"
      },
      "peerDependencies": {
        "graphology-types": ">=0.24.0"
      }
    },
    "node_modules/graphology-types": {
      "version": "0.24.7",
      "resolved": "https://registry.npmjs.org/graphology-types/-/graphology-types-0.24.7.tgz",
      "integrity": "sha512-tdcqOOpwArNjEr0gNQKCXwaNCWnQJrog14nJNQPeemcLnXQUUGrsCWpWkVKt46zLjcS6/KGoayeJfHHyPDlvwA==",
      "peer": true
    },
    "node_modules/graphology-utils": {
      "version": "2.5.2",
      "resolved": "https://registry.npmjs.org/graphology-utils/-/graphology-utils-2.5.2.tgz",
      "integrity": "sha512-ckHg8MXrXJkOARk56ZaSCM1g1Wihe2d6iTmz1enGOz4W/l831MBCKSayeFQfowgF8wd+PQ4rlch/56Vs/VZLDQ==",
      "peerDependencies": {
        "graphology-types": ">=0.23.0"
      }
    },
    "node_modules/obliterator": {
      "version": "2.0.4",
      "resolved": "https://registry.npmjs.org/obliterator/-/obliterator-2.0.4.tgz",
      "integrity": "sha512-lgHwxlxV1qIg1Eap7LgIeoBWIMFibOjbrYPIPJZcI1mmGAI2m3lNYpK12Y+GBdPQ0U1hRwSord7GIaawz962qQ=="
    },
    "node_modules/sigma": {
      "version": "2.4.0",
      "resolved": "https://registry.npmjs.org/sigma/-/sigma-2.4.0.tgz",
      "integrity": "sha512-spi4C+c3cjlhCklT+RvAxJJcarMmjRpF6RPNvBIBYDduALq8iSNm7FwSpijQNGtI+ryeZ2EfvyBNLp36OFaZiw==",
      "dependencies": {
        "@yomguithereal/helpers": "^1.1.1",
        "events": "^3.3.0",
        "graphology-utils": "^2.5.0"
      }
    }
  },
  "dependencies": {
    "@yomguithereal/helpers": {
      "version": "1.1.1",
      "resolved": "https://registry.npmjs.org/@yomguithereal/helpers/-/helpers-1.1.1.tgz",
      "integrity": "sha512-UYvAq/XCA7xoh1juWDYsq3W0WywOB+pz8cgVnE1b45ZfdMhBvHDrgmSFG3jXeZSr2tMTYLGHFHON+ekG05Jebg=="
    },
    "events": {
      "version": "3.3.0",
      "resolved": "https://registry.npmjs.org/events/-/events-3.3.0.tgz",
      "integrity": "sha512-mQw+2fkQbALzQ7V0MY0IqdnXNOeTtP4r0lN9z7AAawCXgqea7bDii20AYrIBrFd/Hx0M2Ocz6S111CaFkUcb0Q=="
    },
    "graphology": {
      "version": "0.25.1",
      "resolved": "https://registry.npmjs.org/graphology/-/graphology-0.25.1.tgz",
      "integrity": "sha512-yYA7BJCcXN2DrKNQQ9Qf22zBHm/yTbyBR71T1MYBbGtywNHsv0QZtk8zaR6zxNcp2hCCZayUkHp9DyMSZCpoxQ==",
      "requires": {
        "events": "^3.3.0",
        "obliterator": "^2.0.2"
      }
    },
    "graphology-types": {
      "version": "0.24.7",
      "resolved": "https://registry.npmjs.org/graphology-types/-/graphology-types-0.24.7.tgz",
      "integrity": "sha512-tdcqOOpwArNjEr0gNQKCXwaNCWnQJrog14nJNQPeemcLnXQUUGrsCWpWkVKt46zLjcS6/KGoayeJfHHyPDlvwA==",
      "peer": true
    },
    "graphology-utils": {
      "version": "2.5.2",
      "resolved": "https://registry.npmjs.org/graphology-utils/-/graphology-utils-2.5.2.tgz",
      "integrity": "sha512-ckHg8MXrXJkOARk56ZaSCM1g1Wihe2d6iTmz1enGOz4W/l831MBCKSayeFQfowgF8wd+PQ4rlch/56Vs/VZLDQ==",
      "requires": {}
    },
    "obliterator": {
      "version": "2.0.4",
      "resolved": "https://registry.npmjs.org/obliterator/-/obliterator-2.0.4.tgz",
      "integrity": "sha512-lgHwxlxV1qIg1Eap7LgIeoBWIMFibOjbrYPIPJZcI1mmGAI2m3lNYpK12Y+GBdPQ0U1hRwSord7GIaawz962qQ=="
    },
    "sigma": {
      "version": "2.4.0",
      "resolved": "https://registry.npmjs.org/sigma/-/sigma-2.4.0.tgz",
      "integrity": "sha512-spi4C+c3cjlhCklT+RvAxJJcarMmjRpF6RPNvBIBYDduALq8iSNm7FwSpijQNGtI+ryeZ2EfvyBNLp36OFaZiw==",
      "requires": {
        "@yomguithereal/helpers": "^1.1.1",
        "events": "^3.3.0",
        "graphology-utils": "^2.5.0"
      }
    }
  }
}
